// !$*UTF8*$!
{
	archiveVersion = 1;
	classes = {
	};
	objectVersion = 77;
	objects = {

/* Begin PBXBuildFile section */
		F24CAD9E2F9FABCC00157108 /* NetworkExtension.framework in Frameworks */ = {isa = PBXBuildFile; fileRef = F2DB28062F96A45B004E161F /* NetworkExtension.framework */; };
		F2DB28082F96A45B004E161F /* JVPNPacketTunnel.appex in Embed Foundation Extensions */ = {isa = PBXBuildFile; fileRef = F2DB28002F96A45B004E161F /* JVPNPacketTunnel.appex */; settings = {ATTRIBUTES = (RemoveHeadersOnCopy, ); }; };
/* End PBXBuildFile section */

/* Begin PBXContainerItemProxy section */
		F2DB27042F96A45B004E161F /* PBXContainerItemProxy */ = {
			isa = PBXContainerItemProxy;
			containerPortal = F2DB26EE2F96A45B004E161F /* Project object */;
			proxyType = 1;
			remoteGlobalIDString = F2DB26F52F96A45B004E161F;
			remoteInfo = JVPN;
		};
		F2DB270E2F96A45B004E161F /* PBXContainerItemProxy */ = {
			isa = PBXContainerItemProxy;
			containerPortal = F2DB26EE2F96A45B004E161F /* Project object */;
			proxyType = 1;
			remoteGlobalIDString = F2DB26F52F96A45B004E161F;
			remoteInfo = JVPN;
		};
		F2DB280A2F96A45B004E161F /* PBXContainerItemProxy */ = {
			isa = PBXContainerItemProxy;
			containerPortal = F2DB26EE2F96A45B004E161F /* Project object */;
			proxyType = 1;
			remoteGlobalIDString = F2DB28022F96A45B004E161F;
			remoteInfo = JVPNPacketTunnel;
		};
/* End PBXContainerItemProxy section */

/* Begin PBXCopyFilesBuildPhase section */
		F2DB28092F96A45B004E161F /* Embed Foundation Extensions */ = {
			isa = PBXCopyFilesBuildPhase;
			buildActionMask = 2147483647;
			dstPath = "";
			dstSubfolderSpec = 13;
			files = (
				F2DB28082F96A45B004E161F /* JVPNPacketTunnel.appex in Embed Foundation Extensions */,
			);
			name = "Embed Foundation Extensions";
			runOnlyForDeploymentPostprocessing = 0;
		};
/* End PBXCopyFilesBuildPhase section */

/* Begin PBXFileReference section */
		A1B2C3D40E5F6001004E161F /* JVPN.xcconfig */ = {isa = PBXFileReference; lastKnownFileType = text.xcconfig; path = JVPN.xcconfig; sourceTree = "<group>"; };
		F2DB26F62F96A45B004E161F /* JVPN.app */ = {isa = PBXFileReference; explicitFileType = wrapper.application; includeInIndex = 0; path = JVPN.app; sourceTree = BUILT_PRODUCTS_DIR; };
		F2DB27032F96A45B004E161F /* JVPNTests.xctest */ = {isa = PBXFileReference; explicitFileType = wrapper.cfbundle; includeInIndex = 0; path = JVPNTests.xctest; sourceTree = BUILT_PRODUCTS_DIR; };
		F2DB270D2F96A45B004E161F /* JVPNUITests.xctest */ = {isa = PBXFileReference; explicitFileType = wrapper.cfbundle; includeInIndex = 0; path = JVPNUITests.xctest; sourceTree = BUILT_PRODUCTS_DIR; };
		F2DB28002F96A45B004E161F /* JVPNPacketTunnel.appex */ = {isa = PBXFileReference; explicitFileType = "wrapper.app-extension"; includeInIndex = 0; path = JVPNPacketTunnel.appex; sourceTree = BUILT_PRODUCTS_DIR; };
		F2DB28062F96A45B004E161F /* NetworkExtension.framework */ = {isa = PBXFileReference; lastKnownFileType = wrapper.framework; name = NetworkExtension.framework; path = System/Library/Frameworks/NetworkExtension.framework; sourceTree = SDKROOT; };
/* End PBXFileReference section */

/* Begin PBXFileSystemSynchronizedBuildFileExceptionSet section */
		F24CAE322F9FC19B00157108 /* Exceptions for "JVPN" folder in "JVPN" target */ = {
			isa = PBXFileSystemSynchronizedBuildFileExceptionSet;
			membershipExceptions = (
				Info.plist,
				JVPNServiceConfig.Local.swift.example,
			);
			target = F2DB26F52F96A45B004E161F /* JVPN */;
		};
/* End PBXFileSystemSynchronizedBuildFileExceptionSet section */

/* Begin PBXFileSystemSynchronizedRootGroup section */
		F2DB26F82F96A45B004E161F /* JVPN */ = {
			isa = PBXFileSystemSynchronizedRootGroup;
			exceptions = (
				F24CAE322F9FC19B00157108 /* Exceptions for "JVPN" folder in "JVPN" target */,
			);
			path = JVPN;
			sourceTree = "<group>";
		};
		F2DB27062F96A45B004E161F /* JVPNTests */ = {
			isa = PBXFileSystemSynchronizedRootGroup;
			path = JVPNTests;
			sourceTree = "<group>";
		};
		F2DB27102F96A45B004E161F /* JVPNUITests */ = {
			isa = PBXFileSystemSynchronizedRootGroup;
			path = JVPNUITests;
			sourceTree = "<group>";
		};
		F2DB28012F96A45B004E161F /* JVPNPacketTunnel */ = {
			isa = PBXFileSystemSynchronizedRootGroup;
			path = JVPNPacketTunnel;
			sourceTree = "<group>";
		};
/* End PBXFileSystemSynchronizedRootGroup section */

/* Begin PBXFrameworksBuildPhase section */
		F2DB26F32F96A45B004E161F /* Frameworks */ = {
			isa = PBXFrameworksBuildPhase;
			buildActionMask = 2147483647;
			files = (
			);
			runOnlyForDeploymentPostprocessing = 0;
		};
		F2DB27002F96A45B004E161F /* Frameworks */ = {
			isa = PBXFrameworksBuildPhase;
			buildActionMask = 2147483647;
			files = (
			);
			runOnlyForDeploymentPostprocessing = 0;
		};
		F2DB270A2F96A45B004E161F /* Frameworks */ = {
			isa = PBXFrameworksBuildPhase;
			buildActionMask = 2147483647;
			files = (
			);
			runOnlyForDeploymentPostprocessing = 0;
		};
		F2DB28032F96A45B004E161F /* Frameworks */ = {
			isa = PBXFrameworksBuildPhase;
			buildActionMask = 2147483647;
			files = (
				F24CAD9E2F9FABCC00157108 /* NetworkExtension.framework in Frameworks */,
			);
			runOnlyForDeploymentPostprocessing = 0;
		};
/* End PBXFrameworksBuildPhase section */

/* Begin PBXGroup section */
		A1B2C3D40E5F6002004E161F /* Configs */ = {
			isa = PBXGroup;
			children = (
				A1B2C3D40E5F6001004E161F /* JVPN.xcconfig */,
			);
			path = Configs;
			sourceTree = "<group>";
		};
		F2DB26ED2F96A45B004E161F = {
			isa = PBXGroup;
			children = (
				F2DB26F82F96A45B004E161F /* JVPN */,
				F2DB28012F96A45B004E161F /* JVPNPacketTunnel */,
				A1B2C3D40E5F6002004E161F /* Configs */,
				F2DB27062F96A45B004E161F /* JVPNTests */,
				F2DB27102F96A45B004E161F /* JVPNUITests */,
				F2DB26F72F96A45B004E161F /* Products */,
				F2DB286B2F96A989004E161F /* Recovered References */,
			);
			sourceTree = "<group>";
		};
		F2DB26F72F96A45B004E161F /* Products */ = {
			isa = PBXGroup;
			children = (
				F2DB26F62F96A45B004E161F /* JVPN.app */,
				F2DB28002F96A45B004E161F /* JVPNPacketTunnel.appex */,
				F2DB27032F96A45B004E161F /* JVPNTests.xctest */,
				F2DB270D2F96A45B004E161F /* JVPNUITests.xctest */,
			);
			name = Products;
			sourceTree = "<group>";
		};
		F2DB286B2F96A989004E161F /* Recovered References */ = {
			isa = PBXGroup;
			children = (
				F2DB28062F96A45B004E161F /* NetworkExtension.framework */,
			);
			name = "Recovered References";
			sourceTree = "<group>";
		};
/* End PBXGroup section */

/* Begin PBXNativeTarget section */
		F2DB26F52F96A45B004E161F /* JVPN */ = {
			isa = PBXNativeTarget;
			buildConfigurationList = F2DB27172F96A45B004E161F /* Build configuration list for PBXNativeTarget "JVPN" */;
			buildPhases = (
				F2DB26F22F96A45B004E161F /* Sources */,
				F2DB26F32F96A45B004E161F /* Frameworks */,
				F2DB26F42F96A45B004E161F /* Resources */,
				F2DB28092F96A45B004E161F /* Embed Foundation Extensions */,
			);
			buildRules = (
			);
			dependencies = (
				F2DB280B2F96A45B004E161F /* PBXTargetDependency */,
			);
			fileSystemSynchronizedGroups = (
				F2DB26F82F96A45B004E161F /* JVPN */,
			);
			name = JVPN;
			packageProductDependencies = (
			);
			productName = JVPN;
			productReference = F2DB26F62F96A45B004E161F /* JVPN.app */;
			productType = "com.apple.product-type.application";
		};
		F2DB27022F96A45B004E161F /* JVPNTests */ = {
			isa = PBXNativeTarget;
			buildConfigurationList = F2DB271A2F96A45B004E161F /* Build configuration list for PBXNativeTarget "JVPNTests" */;
			buildPhases = (
				F2DB26FF2F96A45B004E161F /* Sources */,
				F2DB27002F96A45B004E161F /* Frameworks */,
				F2DB27012F96A45B004E161F /* Resources */,
			);
			buildRules = (
			);
			dependencies = (
				F2DB27052F96A45B004E161F /* PBXTargetDependency */,
			);
			fileSystemSynchronizedGroups = (
				F2DB27062F96A45B004E161F /* JVPNTests */,
			);
			name = JVPNTests;
			packageProductDependencies = (
			);
			productName = JVPNTests;
			productReference = F2DB27032F96A45B004E161F /* JVPNTests.xctest */;
			productType = "com.apple.product-type.bundle.unit-test";
		};
		F2DB270C2F96A45B004E161F /* JVPNUITests */ = {
			isa = PBXNativeTarget;
			buildConfigurationList = F2DB271D2F96A45B004E161F /* Build configuration list for PBXNativeTarget "JVPNUITests" */;
			buildPhases = (
				F2DB27092F96A45B004E161F /* Sources */,
				F2DB270A2F96A45B004E161F /* Frameworks */,
				F2DB270B2F96A45B004E161F /* Resources */,
			);
			buildRules = (
			);
			dependencies = (
				F2DB270F2F96A45B004E161F /* PBXTargetDependency */,
			);
			fileSystemSynchronizedGroups = (
				F2DB27102F96A45B004E161F /* JVPNUITests */,
			);
			name = JVPNUITests;
			packageProductDependencies = (
			);
			productName = JVPNUITests;
			productReference = F2DB270D2F96A45B004E161F /* JVPNUITests.xctest */;
			productType = "com.apple.product-type.bundle.ui-testing";
		};
		F2DB28022F96A45B004E161F /* JVPNPacketTunnel */ = {
			isa = PBXNativeTarget;
			buildConfigurationList = F2DB28102F96A45B004E161F /* Build configuration list for PBXNativeTarget "JVPNPacketTunnel" */;
			buildPhases = (
				F2DB28042F96A45B004E161F /* Sources */,
				F2DB28032F96A45B004E161F /* Frameworks */,
				F2DB28052F96A45B004E161F /* Resources */,
				F29A14012F9F0001004E161F /* Set Catalyst UIDeviceFamily */,
			);
			buildRules = (
			);
			dependencies = (
			);
			fileSystemSynchronizedGroups = (
				F2DB28012F96A45B004E161F /* JVPNPacketTunnel */,
			);
			name = JVPNPacketTunnel;
			packageProductDependencies = (
			);
			productName = JVPNPacketTunnel;
			productReference = F2DB28002F96A45B004E161F /* JVPNPacketTunnel.appex */;
			productType = "com.apple.product-type.app-extension";
		};
/* End PBXNativeTarget section */

/* Begin PBXProject section */
		F2DB26EE2F96A45B004E161F /* Project object */ = {
			isa = PBXProject;
			attributes = {
				BuildIndependentTargetsInParallel = 1;
				LastSwiftUpdateCheck = 2640;
				LastUpgradeCheck = 2640;
				TargetAttributes = {
					F2DB26F52F96A45B004E161F = {
						CreatedOnToolsVersion = 26.4.1;
					};
					F2DB27022F96A45B004E161F = {
						CreatedOnToolsVersion = 26.4.1;
						TestTargetID = F2DB26F52F96A45B004E161F;
					};
					F2DB270C2F96A45B004E161F = {
						CreatedOnToolsVersion = 26.4.1;
						TestTargetID = F2DB26F52F96A45B004E161F;
					};
					F2DB28022F96A45B004E161F = {
						CreatedOnToolsVersion = 26.4.1;
					};
				};
			};
			buildConfigurationList = F2DB26F12F96A45B004E161F /* Build configuration list for PBXProject "JVPN" */;
			developmentRegion = en;
			hasScannedForEncodings = 0;
			knownRegions = (
				en,
				Base,
			);
			mainGroup = F2DB26ED2F96A45B004E161F;
			minimizedProjectReferenceProxies = 1;
			preferredProjectObjectVersion = 77;
			productRefGroup = F2DB26F72F96A45B004E161F /* Products */;
			projectDirPath = "";
			projectRoot = "";
			targets = (
				F2DB26F52F96A45B004E161F /* JVPN */,
				F2DB28022F96A45B004E161F /* JVPNPacketTunnel */,
				F2DB27022F96A45B004E161F /* JVPNTests */,
				F2DB270C2F96A45B004E161F /* JVPNUITests */,
			);
		};
/* End PBXProject section */

/* Begin PBXResourcesBuildPhase section */
		F2DB26F42F96A45B004E161F /* Resources */ = {
			isa = PBXResourcesBuildPhase;
			buildActionMask = 2147483647;
			files = (
			);
			runOnlyForDeploymentPostprocessing = 0;
		};
		F2DB27012F96A45B004E161F /* Resources */ = {
			isa = PBXResourcesBuildPhase;
			buildActionMask = 2147483647;
			files = (
			);
			runOnlyForDeploymentPostprocessing = 0;
		};
		F2DB270B2F96A45B004E161F /* Resources */ = {
			isa = PBXResourcesBuildPhase;
			buildActionMask = 2147483647;
			files = (
			);
			runOnlyForDeploymentPostprocessing = 0;
		};
		F2DB28052F96A45B004E161F /* Resources */ = {
			isa = PBXResourcesBuildPhase;
			buildActionMask = 2147483647;
			files = (
			);
			runOnlyForDeploymentPostprocessing = 0;
		};
/* End PBXResourcesBuildPhase section */

/* Begin PBXShellScriptBuildPhase section */
		F29A14012F9F0001004E161F /* Set Catalyst UIDeviceFamily */ = {
			isa = PBXShellScriptBuildPhase;
			alwaysOutOfDate = 1;
			buildActionMask = 2147483647;
			files = (
			);
			inputFileListPaths = (
			);
			inputPaths = (
			);
			name = "Set Catalyst UIDeviceFamily";
			outputFileListPaths = (
			);
			outputPaths = (
			);
			runOnlyForDeploymentPostprocessing = 0;
			shellPath = /bin/sh;
			shellScript = "set -euo pipefail\nif [ \"${IS_MACCATALYST:-NO}\" = \"YES\" ]; then\n    plist=\"${BUILT_PRODUCTS_DIR}/${INFOPLIST_PATH}\"\n    if [ -f \"$plist\" ]; then\n        /usr/bin/plutil -replace UIDeviceFamily -json '[2, 6]' \"$plist\"\n        echo \"note: Set UIDeviceFamily=[2,6] on $plist\"\n    else\n        echo \"warning: Info.plist not found at $plist\"\n    fi\nfi\n";
		};
/* End PBXShellScriptBuildPhase section */

/* Begin PBXSourcesBuildPhase section */
		F2DB26F22F96A45B004E161F /* Sources */ = {
			isa = PBXSourcesBuildPhase;
			buildActionMask = 2147483647;
			files = (
			);
			runOnlyForDeploymentPostprocessing = 0;
		};
		F2DB26FF2F96A45B004E161F /* Sources */ = {
			isa = PBXSourcesBuildPhase;
			buildActionMask = 2147483647;
			files = (
			);
			runOnlyForDeploymentPostprocessing = 0;
		};
		F2DB27092F96A45B004E161F /* Sources */ = {
			isa = PBXSourcesBuildPhase;
			buildActionMask = 2147483647;
			files = (
			);
			runOnlyForDeploymentPostprocessing = 0;
		};
		F2DB28042F96A45B004E161F /* Sources */ = {
			isa = PBXSourcesBuildPhase;
			buildActionMask = 2147483647;
			files = (
			);
			runOnlyForDeploymentPostprocessing = 0;
		};
/* End PBXSourcesBuildPhase section */

/* Begin PBXTargetDependency section */
		F2DB27052F96A45B004E161F /* PBXTargetDependency */ = {
			isa = PBXTargetDependency;
			target = F2DB26F52F96A45B004E161F /* JVPN */;
			targetProxy = F2DB27042F96A45B004E161F /* PBXContainerItemProxy */;
		};
		F2DB270F2F96A45B004E161F /* PBXTargetDependency */ = {
			isa = PBXTargetDependency;
			target = F2DB26F52F96A45B004E161F /* JVPN */;
			targetProxy = F2DB270E2F96A45B004E161F /* PBXContainerItemProxy */;
		};
		F2DB280B2F96A45B004E161F /* PBXTargetDependency */ = {
			isa = PBXTargetDependency;
			target = F2DB28022F96A45B004E161F /* JVPNPacketTunnel */;
			targetProxy = F2DB280A2F96A45B004E161F /* PBXContainerItemProxy */;
		};
/* End PBXTargetDependency section */

/* Begin XCBuildConfiguration section */
		F2DB27152F96A45B004E161F /* Debug */ = {
			isa = XCBuildConfiguration;
			buildSettings = {
				ALWAYS_SEARCH_USER_PATHS = NO;
				ASSETCATALOG_COMPILER_GENERATE_SWIFT_ASSET_SYMBOL_EXTENSIONS = YES;
				CLANG_ANALYZER_NONNULL = YES;
				CLANG_ANALYZER_NUMBER_OBJECT_CONVERSION = YES_AGGRESSIVE;
				CLANG_CXX_LANGUAGE_STANDARD = "gnu++20";
				CLANG_ENABLE_MODULES = YES;
				CLANG_ENABLE_OBJC_ARC = YES;
				CLANG_ENABLE_OBJC_WEAK = YES;
				CLANG_WARN_BLOCK_CAPTURE_AUTORELEASING = YES;
				CLANG_WARN_BOOL_CONVERSION = YES;
				CLANG_WARN_COMMA = YES;
				CLANG_WARN_CONSTANT_CONVERSION = YES;
				CLANG_WARN_DEPRECATED_OBJC_IMPLEMENTATIONS = YES;
				CLANG_WARN_DIRECT_OBJC_ISA_USAGE = YES_ERROR;
				CLANG_WARN_DOCUMENTATION_COMMENTS = YES;
				CLANG_WARN_EMPTY_BODY = YES;
				CLANG_WARN_ENUM_CONVERSION = YES;
				CLANG_WARN_INFINITE_RECURSION = YES;
				CLANG_WARN_INT_CONVERSION = YES;
				CLANG_WARN_NON_LITERAL_NULL_CONVERSION = YES;
				CLANG_WARN_OBJC_IMPLICIT_RETAIN_SELF = YES;
				CLANG_WARN_OBJC_LITERAL_CONVERSION = YES;
				CLANG_WARN_OBJC_ROOT_CLASS = YES_ERROR;
				CLANG_WARN_QUOTED_INCLUDE_IN_FRAMEWORK_HEADER = YES;
				CLANG_WARN_RANGE_LOOP_ANALYSIS = YES;
				CLANG_WARN_STRICT_PROTOTYPES = YES;
				CLANG_WARN_SUSPICIOUS_MOVE = YES;
				CLANG_WARN_UNGUARDED_AVAILABILITY = YES_AGGRESSIVE;
				CLANG_WARN_UNREACHABLE_CODE = YES;
				CLANG_WARN__DUPLICATE_METHOD_MATCH = YES;
				COPY_PHASE_STRIP = NO;
				DEBUG_INFORMATION_FORMAT = dwarf;
				DEVELOPMENT_TEAM = 6QD6S4D57J;
				ENABLE_STRICT_OBJC_MSGSEND = YES;
				ENABLE_TESTABILITY = YES;
				ENABLE_USER_SCRIPT_SANDBOXING = YES;
				GCC_C_LANGUAGE_STANDARD = gnu17;
				GCC_DYNAMIC_NO_PIC = NO;
				GCC_NO_COMMON_BLOCKS = YES;
				GCC_OPTIMIZATION_LEVEL = 0;
				GCC_PREPROCESSOR_DEFINITIONS = (
					"DEBUG=1",
					"$(inherited)",
				);
				GCC_WARN_64_TO_32_BIT_CONVERSION = YES;
				GCC_WARN_ABOUT_RETURN_TYPE = YES_ERROR;
				GCC_WARN_UNDECLARED_SELECTOR = YES;
				GCC_WARN_UNINITIALIZED_AUTOS = YES_AGGRESSIVE;
				GCC_WARN_UNUSED_FUNCTION = YES;
				GCC_WARN_UNUSED_VARIABLE = YES;
				IPHONEOS_DEPLOYMENT_TARGET = 26.0;
				LOCALIZATION_PREFERS_STRING_CATALOGS = YES;
				MTL_ENABLE_DEBUG_INFO = INCLUDE_SOURCE;
				MTL_FAST_MATH = YES;
				ONLY_ACTIVE_ARCH = YES;
				SDKROOT = auto;
				SWIFT_ACTIVE_COMPILATION_CONDITIONS = "DEBUG $(inherited)";
				SWIFT_OPTIMIZATION_LEVEL = "-Onone";
			};
			name = Debug;
		};
		F2DB27162F96A45B004E161F /* Release */ = {
			isa = XCBuildConfiguration;
			buildSettings = {
				ALWAYS_SEARCH_USER_PATHS = NO;
				ASSETCATALOG_COMPILER_GENERATE_SWIFT_ASSET_SYMBOL_EXTENSIONS = YES;
				CLANG_ANALYZER_NONNULL = YES;
				CLANG_ANALYZER_NUMBER_OBJECT_CONVERSION = YES_AGGRESSIVE;
				CLANG_CXX_LANGUAGE_STANDARD = "gnu++20";
				CLANG_ENABLE_MODULES = YES;
				CLANG_ENABLE_OBJC_ARC = YES;
				CLANG_ENABLE_OBJC_WEAK = YES;
				CLANG_WARN_BLOCK_CAPTURE_AUTORELEASING = YES;
				CLANG_WARN_BOOL_CONVERSION = YES;
				CLANG_WARN_COMMA = YES;
				CLANG_WARN_CONSTANT_CONVERSION = YES;
				CLANG_WARN_DEPRECATED_OBJC_IMPLEMENTATIONS = YES;
				CLANG_WARN_DIRECT_OBJC_ISA_USAGE = YES_ERROR;
				CLANG_WARN_DOCUMENTATION_COMMENTS = YES;
				CLANG_WARN_EMPTY_BODY = YES;
				CLANG_WARN_ENUM_CONVERSION = YES;
				CLANG_WARN_INFINITE_RECURSION = YES;
				CLANG_WARN_INT_CONVERSION = YES;
				CLANG_WARN_NON_LITERAL_NULL_CONVERSION = YES;
				CLANG_WARN_OBJC_IMPLICIT_RETAIN_SELF = YES;
				CLANG_WARN_OBJC_LITERAL_CONVERSION = YES;
				CLANG_WARN_OBJC_ROOT_CLASS = YES_ERROR;
				CLANG_WARN_QUOTED_INCLUDE_IN_FRAMEWORK_HEADER = YES;
				CLANG_WARN_RANGE_LOOP_ANALYSIS = YES;
				CLANG_WARN_STRICT_PROTOTYPES = YES;
				CLANG_WARN_SUSPICIOUS_MOVE = YES;
				CLANG_WARN_UNGUARDED_AVAILABILITY = YES_AGGRESSIVE;
				CLANG_WARN_UNREACHABLE_CODE = YES;
				CLANG_WARN__DUPLICATE_METHOD_MATCH = YES;
				COPY_PHASE_STRIP = NO;
				DEBUG_INFORMATION_FORMAT = "dwarf-with-dsym";
				DEVELOPMENT_TEAM = 6QD6S4D57J;
				ENABLE_NS_ASSERTIONS = NO;
				ENABLE_STRICT_OBJC_MSGSEND = YES;
				ENABLE_USER_SCRIPT_SANDBOXING = YES;
				GCC_C_LANGUAGE_STANDARD = gnu17;
				GCC_NO_COMMON_BLOCKS = YES;
				GCC_WARN_64_TO_32_BIT_CONVERSION = YES;
				GCC_WARN_ABOUT_RETURN_TYPE = YES_ERROR;
				GCC_WARN_UNDECLARED_SELECTOR = YES;
				GCC_WARN_UNINITIALIZED_AUTOS = YES_AGGRESSIVE;
				GCC_WARN_UNUSED_FUNCTION = YES;
				GCC_WARN_UNUSED_VARIABLE = YES;
				IPHONEOS_DEPLOYMENT_TARGET = 26.0;
				LOCALIZATION_PREFERS_STRING_CATALOGS = YES;
				MTL_ENABLE_DEBUG_INFO = NO;
				MTL_FAST_MATH = YES;
				SDKROOT = auto;
				SWIFT_COMPILATION_MODE = wholemodule;
				VALIDATE_PRODUCT = YES;
			};
			name = Release;
		};
		F2DB27182F96A45B004E161F /* Debug */ = {
			isa = XCBuildConfiguration;
			baseConfigurationReference = A1B2C3D40E5F6001004E161F /* JVPN.xcconfig */;
			buildSettings = {
				ASSETCATALOG_COMPILER_APPICON_NAME = AppIcon;
				ASSETCATALOG_COMPILER_GLOBAL_ACCENT_COLOR_NAME = AccentColor;
				CODE_SIGN_ENTITLEMENTS = JVPN/JVPN.entitlements;
				CODE_SIGN_STYLE = Automatic;
				CURRENT_PROJECT_VERSION = 1;
				DERIVE_MACCATALYST_PRODUCT_BUNDLE_IDENTIFIER = NO;
				DEVELOPMENT_TEAM = 6QD6S4D57J;
				ENABLE_PREVIEWS = YES;
				GENERATE_INFOPLIST_FILE = YES;
				INFOPLIST_FILE = JVPN/Info.plist;
				INFOPLIST_KEY_LSApplicationCategoryType = "public.app-category.utilities";
				INFOPLIST_KEY_UIApplicationSceneManifest_Generation = YES;
				INFOPLIST_KEY_UIApplicationSupportsIndirectInputEvents = YES;
				INFOPLIST_KEY_UILaunchScreen_Generation = YES;
				INFOPLIST_KEY_UISupportedInterfaceOrientations_iPad = "UIInterfaceOrientationPortrait UIInterfaceOrientationPortraitUpsideDown UIInterfaceOrientationLandscapeLeft UIInterfaceOrientationLandscapeRight";
				INFOPLIST_KEY_UISupportedInterfaceOrientations_iPhone = "UIInterfaceOrientationPortrait UIInterfaceOrientationLandscapeLeft UIInterfaceOrientationLandscapeRight";
				LD_RUNPATH_SEARCH_PATHS = (
					"$(inherited)",
					"@executable_path/Frameworks",
				);
				MACOSX_DEPLOYMENT_TARGET = 13.0;
				MARKETING_VERSION = 2.0;
				PRODUCT_BUNDLE_IDENTIFIER = org.jackh54.JVPN;
				PRODUCT_NAME = "$(TARGET_NAME)";
				REGISTER_APP_GROUPS = YES;
				STRING_CATALOG_GENERATE_SYMBOLS = YES;
				SUPPORTED_PLATFORMS = "iphoneos iphonesimulator macosx";
				SUPPORTS_MACCATALYST = NO;
				SWIFT_APPROACHABLE_CONCURRENCY = YES;
				SWIFT_DEFAULT_ACTOR_ISOLATION = MainActor;
				SWIFT_EMIT_LOC_STRINGS = YES;
				SWIFT_UPCOMING_FEATURE_MEMBER_IMPORT_VISIBILITY = YES;
				SWIFT_VERSION = 5.0;
				TARGETED_DEVICE_FAMILY = "1,2";
			};
			name = Debug;
		};
		F2DB27192F96A45B004E161F /* Release */ = {
			isa = XCBuildConfiguration;
			baseConfigurationReference = A1B2C3D40E5F6001004E161F /* JVPN.xcconfig */;
			buildSettings = {
				ASSETCATALOG_COMPILER_APPICON_NAME = AppIcon;
				ASSETCATALOG_COMPILER_GLOBAL_ACCENT_COLOR_NAME = AccentColor;
				CODE_SIGN_ENTITLEMENTS = JVPN/JVPN.entitlements;
				CODE_SIGN_STYLE = Automatic;
				CURRENT_PROJECT_VERSION = 1;
				DERIVE_MACCATALYST_PRODUCT_BUNDLE_IDENTIFIER = NO;
				DEVELOPMENT_TEAM = 6QD6S4D57J;
				ENABLE_PREVIEWS = YES;
				GENERATE_INFOPLIST_FILE = YES;
				INFOPLIST_FILE = JVPN/Info.plist;
				INFOPLIST_KEY_LSApplicationCategoryType = "public.app-category.utilities";
				INFOPLIST_KEY_UIApplicationSceneManifest_Generation = YES;
				INFOPLIST_KEY_UIApplicationSupportsIndirectInputEvents = YES;
				INFOPLIST_KEY_UILaunchScreen_Generation = YES;
				INFOPLIST_KEY_UISupportedInterfaceOrientations_iPad = "UIInterfaceOrientationPortrait UIInterfaceOrientationPortraitUpsideDown UIInterfaceOrientationLandscapeLeft UIInterfaceOrientationLandscapeRight";
				INFOPLIST_KEY_UISupportedInterfaceOrientations_iPhone = "UIInterfaceOrientationPortrait UIInterfaceOrientationLandscapeLeft UIInterfaceOrientationLandscapeRight";
				LD_RUNPATH_SEARCH_PATHS = (
					"$(inherited)",
					"@executable_path/Frameworks",
				);
				MACOSX_DEPLOYMENT_TARGET = 13.0;
				MARKETING_VERSION = 2.0;
				PRODUCT_BUNDLE_IDENTIFIER = org.jackh54.JVPN;
				PRODUCT_NAME = "$(TARGET_NAME)";
				REGISTER_APP_GROUPS = YES;
				STRING_CATALOG_GENERATE_SYMBOLS = YES;
				SUPPORTED_PLATFORMS = "iphoneos iphonesimulator macosx";
				SUPPORTS_MACCATALYST = NO;
				SWIFT_APPROACHABLE_CONCURRENCY = YES;
				SWIFT_DEFAULT_ACTOR_ISOLATION = MainActor;
				SWIFT_EMIT_LOC_STRINGS = YES;
				SWIFT_UPCOMING_FEATURE_MEMBER_IMPORT_VISIBILITY = YES;
				SWIFT_VERSION = 5.0;
				TARGETED_DEVICE_FAMILY = "1,2";
			};
			name = Release;
		};
		F2DB271B2F96A45B004E161F /* Debug */ = {
			isa = XCBuildConfiguration;
			buildSettings = {
				BUNDLE_LOADER = "$(TEST_HOST)";
				CODE_SIGN_STYLE = Automatic;
				CURRENT_PROJECT_VERSION = 1;
				DEVELOPMENT_TEAM = 6QD6S4D57J;
				GENERATE_INFOPLIST_FILE = YES;
				IPHONEOS_DEPLOYMENT_TARGET = 26.0;
				MARKETING_VERSION = 1.0;
				PRODUCT_BUNDLE_IDENTIFIER = org.jackh54.JVPNTests;
				PRODUCT_NAME = "$(TARGET_NAME)";
				STRING_CATALOG_GENERATE_SYMBOLS = NO;
				SWIFT_APPROACHABLE_CONCURRENCY = YES;
				SWIFT_EMIT_LOC_STRINGS = NO;
				SWIFT_UPCOMING_FEATURE_MEMBER_IMPORT_VISIBILITY = YES;
				SWIFT_VERSION = 5.0;
				TARGETED_DEVICE_FAMILY = "1,2";
				TEST_HOST = "$(BUILT_PRODUCTS_DIR)/JVPN.app/$(BUNDLE_EXECUTABLE_FOLDER_PATH)/JVPN";
			};
			name = Debug;
		};
		F2DB271C2F96A45B004E161F /* Release */ = {
			isa = XCBuildConfiguration;
			buildSettings = {
				BUNDLE_LOADER = "$(TEST_HOST)";
				CODE_SIGN_STYLE = Automatic;
				CURRENT_PROJECT_VERSION = 1;
				DEVELOPMENT_TEAM = 6QD6S4D57J;
				GENERATE_INFOPLIST_FILE = YES;
				IPHONEOS_DEPLOYMENT_TARGET = 26.0;
				MARKETING_VERSION = 1.0;
				PRODUCT_BUNDLE_IDENTIFIER = org.jackh54.JVPNTests;
				PRODUCT_NAME = "$(TARGET_NAME)";
				STRING_CATALOG_GENERATE_SYMBOLS = NO;
				SWIFT_APPROACHABLE_CONCURRENCY = YES;
				SWIFT_EMIT_LOC_STRINGS = NO;
				SWIFT_UPCOMING_FEATURE_MEMBER_IMPORT_VISIBILITY = YES;
				SWIFT_VERSION = 5.0;
				TARGETED_DEVICE_FAMILY = "1,2";
				TEST_HOST = "$(BUILT_PRODUCTS_DIR)/JVPN.app/$(BUNDLE_EXECUTABLE_FOLDER_PATH)/JVPN";
			};
			name = Release;
		};
		F2DB271E2F96A45B004E161F /* Debug */ = {
			isa = XCBuildConfiguration;
			buildSettings = {
				CODE_SIGN_STYLE = Automatic;
				CURRENT_PROJECT_VERSION = 1;
				DEVELOPMENT_TEAM = 6QD6S4D57J;
				GENERATE_INFOPLIST_FILE = YES;
				MARKETING_VERSION = 1.0;
				PRODUCT_BUNDLE_IDENTIFIER = org.jackh54.JVPNUITests;
				PRODUCT_NAME = "$(TARGET_NAME)";
				STRING_CATALOG_GENERATE_SYMBOLS = NO;
				SWIFT_APPROACHABLE_CONCURRENCY = YES;
				SWIFT_EMIT_LOC_STRINGS = NO;
				SWIFT_UPCOMING_FEATURE_MEMBER_IMPORT_VISIBILITY = YES;
				SWIFT_VERSION = 5.0;
				TARGETED_DEVICE_FAMILY = "1,2";
				TEST_TARGET_NAME = JVPN;
			};
			name = Debug;
		};
		F2DB271F2F96A45B004E161F /* Release */ = {
			isa = XCBuildConfiguration;
			buildSettings = {
				CODE_SIGN_STYLE = Automatic;
				CURRENT_PROJECT_VERSION = 1;
				DEVELOPMENT_TEAM = 6QD6S4D57J;
				GENERATE_INFOPLIST_FILE = YES;
				MARKETING_VERSION = 1.0;
				PRODUCT_BUNDLE_IDENTIFIER = org.jackh54.JVPNUITests;
				PRODUCT_NAME = "$(TARGET_NAME)";
				STRING_CATALOG_GENERATE_SYMBOLS = NO;
				SWIFT_APPROACHABLE_CONCURRENCY = YES;
				SWIFT_EMIT_LOC_STRINGS = NO;
				SWIFT_UPCOMING_FEATURE_MEMBER_IMPORT_VISIBILITY = YES;
				SWIFT_VERSION = 5.0;
				TARGETED_DEVICE_FAMILY = "1,2";
				TEST_TARGET_NAME = JVPN;
			};
			name = Release;
		};
		F2DB28112F96A45B004E161F /* Debug */ = {
			isa = XCBuildConfiguration;
			buildSettings = {
				APPLICATION_EXTENSION_API_ONLY = YES;
				CODE_SIGN_ENTITLEMENTS = JVPNPacketTunnel/JVPNPacketTunnel.entitlements;
				CODE_SIGN_STYLE = Automatic;
				CURRENT_PROJECT_VERSION = 1;
				DEVELOPMENT_TEAM = 6QD6S4D57J;
				ENABLE_USER_SCRIPT_SANDBOXING = NO;
				GENERATE_INFOPLIST_FILE = NO;
				INFOPLIST_FILE = "Configs/JVPNPacketTunnel-Info.plist";
				IPHONEOS_DEPLOYMENT_TARGET = 26.0;
				LD_RUNPATH_SEARCH_PATHS = (
					"$(inherited)",
					"@executable_path/Frameworks",
					"@executable_path/../../Frameworks",
				);
				MACOSX_DEPLOYMENT_TARGET = 13.0;
				MARKETING_VERSION = 2.0;
				PRODUCT_BUNDLE_IDENTIFIER = org.jackh54.JVPN.JVPNPacketTunnel;
				PRODUCT_NAME = "$(TARGET_NAME)";
				REGISTER_APP_GROUPS = YES;
				SKIP_INSTALL = YES;
				STRING_CATALOG_GENERATE_SYMBOLS = YES;
				SUPPORTED_PLATFORMS = "iphoneos iphonesimulator macosx";
				SUPPORTS_MACCATALYST = NO;
				SWIFT_APPROACHABLE_CONCURRENCY = YES;
				SWIFT_EMIT_LOC_STRINGS = YES;
				SWIFT_UPCOMING_FEATURE_MEMBER_IMPORT_VISIBILITY = YES;
				SWIFT_VERSION = 5.0;
				TARGETED_DEVICE_FAMILY = "1,2";
			};
			name = Debug;
		};
		F2DB28122F96A45B004E161F /* Release */ = {
			isa = XCBuildConfiguration;
			buildSettings = {
				APPLICATION_EXTENSION_API_ONLY = YES;
				CODE_SIGN_ENTITLEMENTS = JVPNPacketTunnel/JVPNPacketTunnel.entitlements;
				CODE_SIGN_STYLE = Automatic;
				CURRENT_PROJECT_VERSION = 1;
				DEVELOPMENT_TEAM = 6QD6S4D57J;
				ENABLE_USER_SCRIPT_SANDBOXING = NO;
				GENERATE_INFOPLIST_FILE = NO;
				INFOPLIST_FILE = "Configs/JVPNPacketTunnel-Info.plist";
				IPHONEOS_DEPLOYMENT_TARGET = 26.0;
				LD_RUNPATH_SEARCH_PATHS = (
					"$(inherited)",
					"@executable_path/Frameworks",
					"@executable_path/../../Frameworks",
				);
				MACOSX_DEPLOYMENT_TARGET = 13.0;
				MARKETING_VERSION = 2.0;
				PRODUCT_BUNDLE_IDENTIFIER = org.jackh54.JVPN.JVPNPacketTunnel;
				PRODUCT_NAME = "$(TARGET_NAME)";
				REGISTER_APP_GROUPS = YES;
				SKIP_INSTALL = YES;
				STRING_CATALOG_GENERATE_SYMBOLS = YES;
				SUPPORTED_PLATFORMS = "iphoneos iphonesimulator macosx";
				SUPPORTS_MACCATALYST = NO;
				SWIFT_APPROACHABLE_CONCURRENCY = YES;
				SWIFT_EMIT_LOC_STRINGS = YES;
				SWIFT_UPCOMING_FEATURE_MEMBER_IMPORT_VISIBILITY = YES;
				SWIFT_VERSION = 5.0;
				TARGETED_DEVICE_FAMILY = "1,2";
			};
			name = Release;
		};
/* End XCBuildConfiguration section */

/* Begin XCConfigurationList section */
		F2DB26F12F96A45B004E161F /* Build configuration list for PBXProject "JVPN" */ = {
			isa = XCConfigurationList;
			buildConfigurations = (
				F2DB27152F96A45B004E161F /* Debug */,
				F2DB27162F96A45B004E161F /* Release */,
			);
			defaultConfigurationIsVisible = 0;
			defaultConfigurationName = Release;
		};
		F2DB27172F96A45B004E161F /* Build configuration list for PBXNativeTarget "JVPN" */ = {
			isa = XCConfigurationList;
			buildConfigurations = (
				F2DB27182F96A45B004E161F /* Debug */,
				F2DB27192F96A45B004E161F /* Release */,
			);
			defaultConfigurationIsVisible = 0;
			defaultConfigurationName = Release;
		};
		F2DB271A2F96A45B004E161F /* Build configuration list for PBXNativeTarget "JVPNTests" */ = {
			isa = XCConfigurationList;
			buildConfigurations = (
				F2DB271B2F96A45B004E161F /* Debug */,
				F2DB271C2F96A45B004E161F /* Release */,
			);
			defaultConfigurationIsVisible = 0;
			defaultConfigurationName = Release;
		};
		F2DB271D2F96A45B004E161F /* Build configuration list for PBXNativeTarget "JVPNUITests" */ = {
			isa = XCConfigurationList;
			buildConfigurations = (
				F2DB271E2F96A45B004E161F /* Debug */,
				F2DB271F2F96A45B004E161F /* Release */,
			);
			defaultConfigurationIsVisible = 0;
			defaultConfigurationName = Release;
		};
		F2DB28102F96A45B004E161F /* Build configuration list for PBXNativeTarget "JVPNPacketTunnel" */ = {
			isa = XCConfigurationList;
			buildConfigurations = (
				F2DB28112F96A45B004E161F /* Debug */,
				F2DB28122F96A45B004E161F /* Release */,
			);
			defaultConfigurationIsVisible = 0;
			defaultConfigurationName = Release;
		};
/* End XCConfigurationList section */
	};
	rootObject = F2DB26EE2F96A45B004E161F /* Project object */;
}
